
Microsoft Visual Studio Solution File, Format Version 12.00
# Visual Studio Version 17
VisualStudioVersion = 17.5.002.0
MinimumVisualStudioVersion = 10.0.40219.1
Project("{9A19103F-16F7-4668-BE54-9A1E7A4F7556}") = "Calculator", "Calculator.csproj", "{6BF397BD-3892-4F29-9B25-7A5FA629007E}"
EndProject
Global
	GlobalSection(SolutionConfigurationPlatforms) = preSolution
		Debug|Any CPU = Debug|Any CPU
		Release|Any CPU = Release|Any CPU
	EndGlobalSection
	GlobalSection(ProjectConfigurationPlatforms) = postSolution
		{6BF397BD-3892-4F29-9B25-7A5FA629007E}.Debug|Any CPU.ActiveCfg = Debug|Any CPU
		{6BF397BD-3892-4F29-9B25-7A5FA629007E}.Debug|Any CPU.Build.0 = Debug|Any CPU
		{6BF397BD-3892-4F29-9B25-7A5FA629007E}.Release|Any CPU.ActiveCfg = Release|Any CPU
		{6BF397BD-3892-4F29-9B25-7A5FA629007E}.Release|Any CPU.Build.0 = Release|Any CPU
	EndGlobalSection
	GlobalSection(SolutionProperties) = preSolution
		HideSolutionNode = FALSE
	EndGlobalSection
	GlobalSection(ExtensibilityGlobals) = postSolution
		SolutionGuid = {756C078F-F8F3-427F-9D12-AF7082880FE7}
	EndGlobalSection
EndGlobal
